{
  "nodes": {
    "dot-astro-nvim": {
      "flake": false,
      "locked": {
        "lastModified": 1750656437,
        "narHash": "sha256-6kJmzjLKDQyBe7nWz/ogeQK9w/VVOhp59cGm20fZrBA=",
        "owner": "shelken",
        "repo": "dot-astro-nvim",
        "rev": "e93f2954034ba524643d8bbab36af037d6e896bc",
        "type": "github"
      },
      "original": {
        "owner": "shelken",
        "repo": "dot-astro-nvim",
        "type": "github"
      }
    },
    "dot-squirrel": {
      "flake": false,
      "locked": {
        "lastModified": 1744737419,
        "narHash": "sha256-wzXO6QZGsM7Rbtc6r0+Itg04BABdaPRIEh3Rjcvejvc=",
        "owner": "shelken",
        "repo": "rime-auto-deploy",
        "rev": "674fb128b76b4292445e8e62a5c343c0abbbcd86",
        "type": "github"
      },
      "original": {
        "owner": "shelken",
        "repo": "rime-auto-deploy",
        "type": "github"
      }
    },
    "dot-tmux": {
      "flake": false,
      "locked": {
        "lastModified": 1723881304,
        "narHash": "sha256-Tl/DjI3TKVoNuOPz8q7wMHmfxcYDrrkZoFOsmGrt1gA=",
        "owner": "shelken",
        "repo": "dot-tmux",
        "rev": "9e8d825ebc9067e09218f2f985a9edbddf27413a",
        "type": "github"
      },
      "original": {
        "owner": "shelken",
        "repo": "dot-tmux",
        "type": "github"
      }
    },
    "flake-utils": {
      "inputs": {
        "systems": "systems"
      },
      "locked": {
        "lastModified": 1710146030,
        "narHash": "sha256-SZ5L6eA7HJ/nmkzGG7/ISclqe6oZdOZTNoesiInkXPQ=",
        "owner": "numtide",
        "repo": "flake-utils",
        "rev": "b1d9ab70662946ef0850d488da1c9019f3a9752a",
        "type": "github"
      },
      "original": {
        "owner": "numtide",
        "repo": "flake-utils",
        "type": "github"
      }
    },
    "nixpkgs": {
      "locked": {
        "lastModified": 1712791164,
        "narHash": "sha256-3sbWO1mbpWsLepZGbWaMovSO7ndZeFqDSdX0hZ9nVyw=",
        "owner": "nixos",
        "repo": "nixpkgs",
        "rev": "1042fd8b148a9105f3c0aca3a6177fd1d9360ba5",
        "type": "github"
      },
      "original": {
        "owner": "nixos",
        "ref": "nixos-unstable",
        "repo": "nixpkgs",
        "type": "github"
      }
    },
    "root": {
      "inputs": {
        "dot-astro-nvim": "dot-astro-nvim",
        "dot-squirrel": "dot-squirrel",
        "dot-tmux": "dot-tmux",
        "flake-utils": "flake-utils",
        "nixpkgs": "nixpkgs"
      }
    },
    "systems": {
      "locked": {
        "lastModified": 1681028828,
        "narHash": "sha256-Vy1rq5AaRuLzOxct8nz4T6wlgyUR7zLU309k9mBC768=",
        "owner": "nix-systems",
        "repo": "default",
        "rev": "da67096a3b9bf56a91d16901293e51ba5b49a27e",
        "type": "github"
      },
      "original": {
        "owner": "nix-systems",
        "repo": "default",
        "type": "github"
      }
    }
  },
  "root": "root",
  "version": 7
}
