{
  "nodes": {
    "dot-astro-nvim": {
      "flake": false,
      "locked": {
        "lastModified": 1712045936,
        "narHash": "sha256-aOrLEHRX01vVOsx8q/wVck9Cy3KEMg/19XgG1O3b4Hc=",
        "owner": "shelken",
        "repo": "dot-astro-nvim",
        "rev": "60d1fa444458fa0a3fcaa01babeeae782c1c3825",
        "type": "github"
      },
      "original": {
        "owner": "shelken",
        "repo": "dot-astro-nvim",
        "type": "github"
      }
    },
    "dot-tmux": {
      "flake": false,
      "locked": {
        "lastModified": 1711645683,
        "narHash": "sha256-l7lWrhie0ESdEp+T0dYUeORdmIVKeqWoC/3dzVZJlTU=",
        "owner": "shelken",
        "repo": "dot-tmux",
        "rev": "731f5372dca25d30ff6ad0be2c3f8c19ed21a51d",
        "type": "github"
      },
      "original": {
        "owner": "shelken",
        "repo": "dot-tmux",
        "type": "github"
      }
    },
    "dot-yabai": {
      "flake": false,
      "locked": {
        "lastModified": 1711198519,
        "narHash": "sha256-K67rnt9nnfKam+aVx5K9G/u1SIY3kHtKa/7LBkz0wDc=",
        "owner": "shelken",
        "repo": "dot-yabai",
        "rev": "c741ac31b809683487d518728fe0c1a1ebafc3e8",
        "type": "github"
      },
      "original": {
        "owner": "shelken",
        "repo": "dot-yabai",
        "type": "github"
      }
    },
    "flake-utils": {
      "inputs": {
        "systems": "systems"
      },
      "locked": {
        "lastModified": 1710146030,
        "narHash": "sha256-SZ5L6eA7HJ/nmkzGG7/ISclqe6oZdOZTNoesiInkXPQ=",
        "owner": "numtide",
        "repo": "flake-utils",
        "rev": "b1d9ab70662946ef0850d488da1c9019f3a9752a",
        "type": "github"
      },
      "original": {
        "owner": "numtide",
        "repo": "flake-utils",
        "type": "github"
      }
    },
    "nixpkgs": {
      "locked": {
        "lastModified": 1710806803,
        "narHash": "sha256-qrxvLS888pNJFwJdK+hf1wpRCSQcqA6W5+Ox202NDa0=",
        "owner": "nixos",
        "repo": "nixpkgs",
        "rev": "b06025f1533a1e07b6db3e75151caa155d1c7eb3",
        "type": "github"
      },
      "original": {
        "owner": "nixos",
        "ref": "nixos-unstable",
        "repo": "nixpkgs",
        "type": "github"
      }
    },
    "root": {
      "inputs": {
        "dot-astro-nvim": "dot-astro-nvim",
        "dot-tmux": "dot-tmux",
        "dot-yabai": "dot-yabai",
        "flake-utils": "flake-utils",
        "nixpkgs": "nixpkgs"
      }
    },
    "systems": {
      "locked": {
        "lastModified": 1681028828,
        "narHash": "sha256-Vy1rq5AaRuLzOxct8nz4T6wlgyUR7zLU309k9mBC768=",
        "owner": "nix-systems",
        "repo": "default",
        "rev": "da67096a3b9bf56a91d16901293e51ba5b49a27e",
        "type": "github"
      },
      "original": {
        "owner": "nix-systems",
        "repo": "default",
        "type": "github"
      }
    }
  },
  "root": "root",
  "version": 7
}
